// !$*UTF8*$!
{
	archiveVersion = 1;
	classes = {
	};
	objectVersion = 56;
	objects = {

/* Begin PBXBuildFile section */
		59142A8C2BD41FBD00F641EC /* MainController.swift in Sources */ = {isa = PBXBuildFile; fileRef = 59142A8B2BD41FBD00F641EC /* MainController.swift */; };
		59142A8E2BD4662300F641EC /* player.swift in Sources */ = {isa = PBXBuildFile; fileRef = 59142A8D2BD4662300F641EC /* player.swift */; };
		59142A902BD4663C00F641EC /* playerView.swift in Sources */ = {isa = PBXBuildFile; fileRef = 59142A8F2BD4663C00F641EC /* playerView.swift */; };
		59C8B09D2BCF13980002DA5D /* AppDelegate.swift in Sources */ = {isa = PBXBuildFile; fileRef = 59C8B09C2BCF13980002DA5D /* AppDelegate.swift */; };
		59C8B09F2BCF13980002DA5D /* SceneDelegate.swift in Sources */ = {isa = PBXBuildFile; fileRef = 59C8B09E2BCF13980002DA5D /* SceneDelegate.swift */; };
		59C8B0A12BCF13980002DA5D /* ViewController.swift in Sources */ = {isa = PBXBuildFile; fileRef = 59C8B0A02BCF13980002DA5D /* ViewController.swift */; };
		59C8B0A42BCF13980002DA5D /* Base in Resources */ = {isa = PBXBuildFile; fileRef = 59C8B0A32BCF13980002DA5D /* Base */; };
		59C8B0A62BCF13980002DA5D /* Assets.xcassets in Resources */ = {isa = PBXBuildFile; fileRef = 59C8B0A52BCF13980002DA5D /* Assets.xcassets */; };
		59C8B0A92BCF13980002DA5D /* Base in Resources */ = {isa = PBXBuildFile; fileRef = 59C8B0A82BCF13980002DA5D /* Base */; };
		59C8B0B42BCF13980002DA5D /* lifecounterTests.swift in Sources */ = {isa = PBXBuildFile; fileRef = 59C8B0B32BCF13980002DA5D /* lifecounterTests.swift */; };
		59C8B0BE2BCF13980002DA5D /* lifecounterUITests.swift in Sources */ = {isa = PBXBuildFile; fileRef = 59C8B0BD2BCF13980002DA5D /* lifecounterUITests.swift */; };
		59C8B0C02BCF13980002DA5D /* lifecounterUITestsLaunchTests.swift in Sources */ = {isa = PBXBuildFile; fileRef = 59C8B0BF2BCF13980002DA5D /* lifecounterUITestsLaunchTests.swift */; };
		59F389B92BD5634600B922CE /* HistoryController.swift in Sources */ = {isa = PBXBuildFile; fileRef = 59F389B82BD5634600B922CE /* HistoryController.swift */; };
		59F389BB2BD5920D00B922CE /* history.swift in Sources */ = {isa = PBXBuildFile; fileRef = 59F389BA2BD5920D00B922CE /* history.swift */; };
		59F389BD2BD5921E00B922CE /* historyView.swift in Sources */ = {isa = PBXBuildFile; fileRef = 59F389BC2BD5921E00B922CE /* historyView.swift */; };
/* End PBXBuildFile section */

/* Begin PBXContainerItemProxy section */
		59C8B0B02BCF13980002DA5D /* PBXContainerItemProxy */ = {
			isa = PBXContainerItemProxy;
			containerPortal = 59C8B0912BCF13980002DA5D /* Project object */;
			proxyType = 1;
			remoteGlobalIDString = 59C8B0982BCF13980002DA5D;
			remoteInfo = lifecounter;
		};
		59C8B0BA2BCF13980002DA5D /* PBXContainerItemProxy */ = {
			isa = PBXContainerItemProxy;
			containerPortal = 59C8B0912BCF13980002DA5D /* Project object */;
			proxyType = 1;
			remoteGlobalIDString = 59C8B0982BCF13980002DA5D;
			remoteInfo = lifecounter;
		};
/* End PBXContainerItemProxy section */

/* Begin PBXFileReference section */
		59142A8B2BD41FBD00F641EC /* MainController.swift */ = {isa = PBXFileReference; lastKnownFileType = sourcecode.swift; path = MainController.swift; sourceTree = "<group>"; };
		59142A8D2BD4662300F641EC /* player.swift */ = {isa = PBXFileReference; lastKnownFileType = sourcecode.swift; path = player.swift; sourceTree = "<group>"; };
		59142A8F2BD4663C00F641EC /* playerView.swift */ = {isa = PBXFileReference; lastKnownFileType = sourcecode.swift; path = playerView.swift; sourceTree = "<group>"; };
		59C8B0992BCF13980002DA5D /* lifecounter.app */ = {isa = PBXFileReference; explicitFileType = wrapper.application; includeInIndex = 0; path = lifecounter.app; sourceTree = BUILT_PRODUCTS_DIR; };
		59C8B09C2BCF13980002DA5D /* AppDelegate.swift */ = {isa = PBXFileReference; lastKnownFileType = sourcecode.swift; path = AppDelegate.swift; sourceTree = "<group>"; };
		59C8B09E2BCF13980002DA5D /* SceneDelegate.swift */ = {isa = PBXFileReference; lastKnownFileType = sourcecode.swift; path = SceneDelegate.swift; sourceTree = "<group>"; };
		59C8B0A02BCF13980002DA5D /* ViewController.swift */ = {isa = PBXFileReference; lastKnownFileType = sourcecode.swift; path = ViewController.swift; sourceTree = "<group>"; };
		59C8B0A32BCF13980002DA5D /* Base */ = {isa = PBXFileReference; lastKnownFileType = file.storyboard; name = Base; path = Base.lproj/Main.storyboard; sourceTree = "<group>"; };
		59C8B0A52BCF13980002DA5D /* Assets.xcassets */ = {isa = PBXFileReference; lastKnownFileType = folder.assetcatalog; path = Assets.xcassets; sourceTree = "<group>"; };
		59C8B0A82BCF13980002DA5D /* Base */ = {isa = PBXFileReference; lastKnownFileType = file.storyboard; name = Base; path = Base.lproj/LaunchScreen.storyboard; sourceTree = "<group>"; };
		59C8B0AA2BCF13980002DA5D /* Info.plist */ = {isa = PBXFileReference; lastKnownFileType = text.plist.xml; path = Info.plist; sourceTree = "<group>"; };
		59C8B0AF2BCF13980002DA5D /* lifecounterTests.xctest */ = {isa = PBXFileReference; explicitFileType = wrapper.cfbundle; includeInIndex = 0; path = lifecounterTests.xctest; sourceTree = BUILT_PRODUCTS_DIR; };
		59C8B0B32BCF13980002DA5D /* lifecounterTests.swift */ = {isa = PBXFileReference; lastKnownFileType = sourcecode.swift; path = lifecounterTests.swift; sourceTree = "<group>"; };
		59C8B0B92BCF13980002DA5D /* lifecounterUITests.xctest */ = {isa = PBXFileReference; explicitFileType = wrapper.cfbundle; includeInIndex = 0; path = lifecounterUITests.xctest; sourceTree = BUILT_PRODUCTS_DIR; };
		59C8B0BD2BCF13980002DA5D /* lifecounterUITests.swift */ = {isa = PBXFileReference; lastKnownFileType = sourcecode.swift; path = lifecounterUITests.swift; sourceTree = "<group>"; };
		59C8B0BF2BCF13980002DA5D /* lifecounterUITestsLaunchTests.swift */ = {isa = PBXFileReference; lastKnownFileType = sourcecode.swift; path = lifecounterUITestsLaunchTests.swift; sourceTree = "<group>"; };
		59F389B82BD5634600B922CE /* HistoryController.swift */ = {isa = PBXFileReference; lastKnownFileType = sourcecode.swift; path = HistoryController.swift; sourceTree = "<group>"; };
		59F389BA2BD5920D00B922CE /* history.swift */ = {isa = PBXFileReference; lastKnownFileType = sourcecode.swift; path = history.swift; sourceTree = "<group>"; };
		59F389BC2BD5921E00B922CE /* historyView.swift */ = {isa = PBXFileReference; lastKnownFileType = sourcecode.swift; path = historyView.swift; sourceTree = "<group>"; };
/* End PBXFileReference section */

/* Begin PBXFrameworksBuildPhase section */
		59C8B0962BCF13980002DA5D /* Frameworks */ = {
			isa = PBXFrameworksBuildPhase;
			buildActionMask = 2147483647;
			files = (
			);
			runOnlyForDeploymentPostprocessing = 0;
		};
		59C8B0AC2BCF13980002DA5D /* Frameworks */ = {
			isa = PBXFrameworksBuildPhase;
			buildActionMask = 2147483647;
			files = (
			);
			runOnlyForDeploymentPostprocessing = 0;
		};
		59C8B0B62BCF13980002DA5D /* Frameworks */ = {
			isa = PBXFrameworksBuildPhase;
			buildActionMask = 2147483647;
			files = (
			);
			runOnlyForDeploymentPostprocessing = 0;
		};
/* End PBXFrameworksBuildPhase section */

/* Begin PBXGroup section */
		59142A862BD40EE900F641EC /* Model */ = {
			isa = PBXGroup;
			children = (
				59142A8D2BD4662300F641EC /* player.swift */,
				59142A8F2BD4663C00F641EC /* playerView.swift */,
				59F389BA2BD5920D00B922CE /* history.swift */,
				59F389BC2BD5921E00B922CE /* historyView.swift */,
			);
			path = Model;
			sourceTree = "<group>";
		};
		59142A872BD40EF200F641EC /* View */ = {
			isa = PBXGroup;
			children = (
				59C8B0A22BCF13980002DA5D /* Main.storyboard */,
			);
			path = View;
			sourceTree = "<group>";
		};
		59142A882BD40EF800F641EC /* Controller */ = {
			isa = PBXGroup;
			children = (
				59C8B0A02BCF13980002DA5D /* ViewController.swift */,
				59142A8B2BD41FBD00F641EC /* MainController.swift */,
				59F389B82BD5634600B922CE /* HistoryController.swift */,
			);
			path = Controller;
			sourceTree = "<group>";
		};
		59C8B0902BCF13980002DA5D = {
			isa = PBXGroup;
			children = (
				59C8B09B2BCF13980002DA5D /* lifecounter */,
				59C8B0B22BCF13980002DA5D /* lifecounterTests */,
				59C8B0BC2BCF13980002DA5D /* lifecounterUITests */,
				59C8B09A2BCF13980002DA5D /* Products */,
			);
			sourceTree = "<group>";
		};
		59C8B09A2BCF13980002DA5D /* Products */ = {
			isa = PBXGroup;
			children = (
				59C8B0992BCF13980002DA5D /* lifecounter.app */,
				59C8B0AF2BCF13980002DA5D /* lifecounterTests.xctest */,
				59C8B0B92BCF13980002DA5D /* lifecounterUITests.xctest */,
			);
			name = Products;
			sourceTree = "<group>";
		};
		59C8B09B2BCF13980002DA5D /* lifecounter */ = {
			isa = PBXGroup;
			children = (
				59142A862BD40EE900F641EC /* Model */,
				59142A872BD40EF200F641EC /* View */,
				59142A882BD40EF800F641EC /* Controller */,
				59C8B09C2BCF13980002DA5D /* AppDelegate.swift */,
				59C8B09E2BCF13980002DA5D /* SceneDelegate.swift */,
				59C8B0A52BCF13980002DA5D /* Assets.xcassets */,
				59C8B0A72BCF13980002DA5D /* LaunchScreen.storyboard */,
				59C8B0AA2BCF13980002DA5D /* Info.plist */,
			);
			path = lifecounter;
			sourceTree = "<group>";
		};
		59C8B0B22BCF13980002DA5D /* lifecounterTests */ = {
			isa = PBXGroup;
			children = (
				59C8B0B32BCF13980002DA5D /* lifecounterTests.swift */,
			);
			path = lifecounterTests;
			sourceTree = "<group>";
		};
		59C8B0BC2BCF13980002DA5D /* lifecounterUITests */ = {
			isa = PBXGroup;
			children = (
				59C8B0BD2BCF13980002DA5D /* lifecounterUITests.swift */,
				59C8B0BF2BCF13980002DA5D /* lifecounterUITestsLaunchTests.swift */,
			);
			path = lifecounterUITests;
			sourceTree = "<group>";
		};
/* End PBXGroup section */

/* Begin PBXNativeTarget section */
		59C8B0982BCF13980002DA5D /* lifecounter */ = {
			isa = PBXNativeTarget;
			buildConfigurationList = 59C8B0C32BCF13980002DA5D /* Build configuration list for PBXNativeTarget "lifecounter" */;
			buildPhases = (
				59C8B0952BCF13980002DA5D /* Sources */,
				59C8B0962BCF13980002DA5D /* Frameworks */,
				59C8B0972BCF13980002DA5D /* Resources */,
			);
			buildRules = (
			);
			dependencies = (
			);
			name = lifecounter;
			productName = lifecounter;
			productReference = 59C8B0992BCF13980002DA5D /* lifecounter.app */;
			productType = "com.apple.product-type.application";
		};
		59C8B0AE2BCF13980002DA5D /* lifecounterTests */ = {
			isa = PBXNativeTarget;
			buildConfigurationList = 59C8B0C62BCF13980002DA5D /* Build configuration list for PBXNativeTarget "lifecounterTests" */;
			buildPhases = (
				59C8B0AB2BCF13980002DA5D /* Sources */,
				59C8B0AC2BCF13980002DA5D /* Frameworks */,
				59C8B0AD2BCF13980002DA5D /* Resources */,
			);
			buildRules = (
			);
			dependencies = (
				59C8B0B12BCF13980002DA5D /* PBXTargetDependency */,
			);
			name = lifecounterTests;
			productName = lifecounterTests;
			productReference = 59C8B0AF2BCF13980002DA5D /* lifecounterTests.xctest */;
			productType = "com.apple.product-type.bundle.unit-test";
		};
		59C8B0B82BCF13980002DA5D /* lifecounterUITests */ = {
			isa = PBXNativeTarget;
			buildConfigurationList = 59C8B0C92BCF13980002DA5D /* Build configuration list for PBXNativeTarget "lifecounterUITests" */;
			buildPhases = (
				59C8B0B52BCF13980002DA5D /* Sources */,
				59C8B0B62BCF13980002DA5D /* Frameworks */,
				59C8B0B72BCF13980002DA5D /* Resources */,
			);
			buildRules = (
			);
			dependencies = (
				59C8B0BB2BCF13980002DA5D /* PBXTargetDependency */,
			);
			name = lifecounterUITests;
			productName = lifecounterUITests;
			productReference = 59C8B0B92BCF13980002DA5D /* lifecounterUITests.xctest */;
			productType = "com.apple.product-type.bundle.ui-testing";
		};
/* End PBXNativeTarget section */

/* Begin PBXProject section */
		59C8B0912BCF13980002DA5D /* Project object */ = {
			isa = PBXProject;
			attributes = {
				BuildIndependentTargetsInParallel = 1;
				LastSwiftUpdateCheck = 1530;
				LastUpgradeCheck = 1530;
				TargetAttributes = {
					59C8B0982BCF13980002DA5D = {
						CreatedOnToolsVersion = 15.3;
					};
					59C8B0AE2BCF13980002DA5D = {
						CreatedOnToolsVersion = 15.3;
						TestTargetID = 59C8B0982BCF13980002DA5D;
					};
					59C8B0B82BCF13980002DA5D = {
						CreatedOnToolsVersion = 15.3;
						TestTargetID = 59C8B0982BCF13980002DA5D;
					};
				};
			};
			buildConfigurationList = 59C8B0942BCF13980002DA5D /* Build configuration list for PBXProject "lifecounter" */;
			compatibilityVersion = "Xcode 14.0";
			developmentRegion = en;
			hasScannedForEncodings = 0;
			knownRegions = (
				en,
				Base,
			);
			mainGroup = 59C8B0902BCF13980002DA5D;
			productRefGroup = 59C8B09A2BCF13980002DA5D /* Products */;
			projectDirPath = "";
			projectRoot = "";
			targets = (
				59C8B0982BCF13980002DA5D /* lifecounter */,
				59C8B0AE2BCF13980002DA5D /* lifecounterTests */,
				59C8B0B82BCF13980002DA5D /* lifecounterUITests */,
			);
		};
/* End PBXProject section */

/* Begin PBXResourcesBuildPhase section */
		59C8B0972BCF13980002DA5D /* Resources */ = {
			isa = PBXResourcesBuildPhase;
			buildActionMask = 2147483647;
			files = (
				59C8B0A62BCF13980002DA5D /* Assets.xcassets in Resources */,
				59C8B0A92BCF13980002DA5D /* Base in Resources */,
				59C8B0A42BCF13980002DA5D /* Base in Resources */,
			);
			runOnlyForDeploymentPostprocessing = 0;
		};
		59C8B0AD2BCF13980002DA5D /* Resources */ = {
			isa = PBXResourcesBuildPhase;
			buildActionMask = 2147483647;
			files = (
			);
			runOnlyForDeploymentPostprocessing = 0;
		};
		59C8B0B72BCF13980002DA5D /* Resources */ = {
			isa = PBXResourcesBuildPhase;
			buildActionMask = 2147483647;
			files = (
			);
			runOnlyForDeploymentPostprocessing = 0;
		};
/* End PBXResourcesBuildPhase section */

/* Begin PBXSourcesBuildPhase section */
		59C8B0952BCF13980002DA5D /* Sources */ = {
			isa = PBXSourcesBuildPhase;
			buildActionMask = 2147483647;
			files = (
				59142A8C2BD41FBD00F641EC /* MainController.swift in Sources */,
				59142A902BD4663C00F641EC /* playerView.swift in Sources */,
				59F389BB2BD5920D00B922CE /* history.swift in Sources */,
				59C8B0A12BCF13980002DA5D /* ViewController.swift in Sources */,
				59F389B92BD5634600B922CE /* HistoryController.swift in Sources */,
				59F389BD2BD5921E00B922CE /* historyView.swift in Sources */,
				59C8B09D2BCF13980002DA5D /* AppDelegate.swift in Sources */,
				59142A8E2BD4662300F641EC /* player.swift in Sources */,
				59C8B09F2BCF13980002DA5D /* SceneDelegate.swift in Sources */,
			);
			runOnlyForDeploymentPostprocessing = 0;
		};
		59C8B0AB2BCF13980002DA5D /* Sources */ = {
			isa = PBXSourcesBuildPhase;
			buildActionMask = 2147483647;
			files = (
				59C8B0B42BCF13980002DA5D /* lifecounterTests.swift in Sources */,
			);
			runOnlyForDeploymentPostprocessing = 0;
		};
		59C8B0B52BCF13980002DA5D /* Sources */ = {
			isa = PBXSourcesBuildPhase;
			buildActionMask = 2147483647;
			files = (
				59C8B0BE2BCF13980002DA5D /* lifecounterUITests.swift in Sources */,
				59C8B0C02BCF13980002DA5D /* lifecounterUITestsLaunchTests.swift in Sources */,
			);
			runOnlyForDeploymentPostprocessing = 0;
		};
/* End PBXSourcesBuildPhase section */

/* Begin PBXTargetDependency section */
		59C8B0B12BCF13980002DA5D /* PBXTargetDependency */ = {
			isa = PBXTargetDependency;
			target = 59C8B0982BCF13980002DA5D /* lifecounter */;
			targetProxy = 59C8B0B02BCF13980002DA5D /* PBXContainerItemProxy */;
		};
		59C8B0BB2BCF13980002DA5D /* PBXTargetDependency */ = {
			isa = PBXTargetDependency;
			target = 59C8B0982BCF13980002DA5D /* lifecounter */;
			targetProxy = 59C8B0BA2BCF13980002DA5D /* PBXContainerItemProxy */;
		};
/* End PBXTargetDependency section */

/* Begin PBXVariantGroup section */
		59C8B0A22BCF13980002DA5D /* Main.storyboard */ = {
			isa = PBXVariantGroup;
			children = (
				59C8B0A32BCF13980002DA5D /* Base */,
			);
			name = Main.storyboard;
			sourceTree = "<group>";
		};
		59C8B0A72BCF13980002DA5D /* LaunchScreen.storyboard */ = {
			isa = PBXVariantGroup;
			children = (
				59C8B0A82BCF13980002DA5D /* Base */,
			);
			name = LaunchScreen.storyboard;
			sourceTree = "<group>";
		};
/* End PBXVariantGroup section */

/* Begin XCBuildConfiguration section */
		59C8B0C12BCF13980002DA5D /* Debug */ = {
			isa = XCBuildConfiguration;
			buildSettings = {
				ALWAYS_SEARCH_USER_PATHS = NO;
				ASSETCATALOG_COMPILER_GENERATE_SWIFT_ASSET_SYMBOL_EXTENSIONS = YES;
				CLANG_ANALYZER_NONNULL = YES;
				CLANG_ANALYZER_NUMBER_OBJECT_CONVERSION = YES_AGGRESSIVE;
				CLANG_CXX_LANGUAGE_STANDARD = "gnu++20";
				CLANG_ENABLE_MODULES = YES;
				CLANG_ENABLE_OBJC_ARC = YES;
				CLANG_ENABLE_OBJC_WEAK = YES;
				CLANG_WARN_BLOCK_CAPTURE_AUTORELEASING = YES;
				CLANG_WARN_BOOL_CONVERSION = YES;
				CLANG_WARN_COMMA = YES;
				CLANG_WARN_CONSTANT_CONVERSION = YES;
				CLANG_WARN_DEPRECATED_OBJC_IMPLEMENTATIONS = YES;
				CLANG_WARN_DIRECT_OBJC_ISA_USAGE = YES_ERROR;
				CLANG_WARN_DOCUMENTATION_COMMENTS = YES;
				CLANG_WARN_EMPTY_BODY = YES;
				CLANG_WARN_ENUM_CONVERSION = YES;
				CLANG_WARN_INFINITE_RECURSION = YES;
				CLANG_WARN_INT_CONVERSION = YES;
				CLANG_WARN_NON_LITERAL_NULL_CONVERSION = YES;
				CLANG_WARN_OBJC_IMPLICIT_RETAIN_SELF = YES;
				CLANG_WARN_OBJC_LITERAL_CONVERSION = YES;
				CLANG_WARN_OBJC_ROOT_CLASS = YES_ERROR;
				CLANG_WARN_QUOTED_INCLUDE_IN_FRAMEWORK_HEADER = YES;
				CLANG_WARN_RANGE_LOOP_ANALYSIS = YES;
				CLANG_WARN_STRICT_PROTOTYPES = YES;
				CLANG_WARN_SUSPICIOUS_MOVE = YES;
				CLANG_WARN_UNGUARDED_AVAILABILITY = YES_AGGRESSIVE;
				CLANG_WARN_UNREACHABLE_CODE = YES;
				CLANG_WARN__DUPLICATE_METHOD_MATCH = YES;
				COPY_PHASE_STRIP = NO;
				DEBUG_INFORMATION_FORMAT = dwarf;
				ENABLE_STRICT_OBJC_MSGSEND = YES;
				ENABLE_TESTABILITY = YES;
				ENABLE_USER_SCRIPT_SANDBOXING = YES;
				GCC_C_LANGUAGE_STANDARD = gnu17;
				GCC_DYNAMIC_NO_PIC = NO;
				GCC_NO_COMMON_BLOCKS = YES;
				GCC_OPTIMIZATION_LEVEL = 0;
				GCC_PREPROCESSOR_DEFINITIONS = (
					"DEBUG=1",
					"$(inherited)",
				);
				GCC_WARN_64_TO_32_BIT_CONVERSION = YES;
				GCC_WARN_ABOUT_RETURN_TYPE = YES_ERROR;
				GCC_WARN_UNDECLARED_SELECTOR = YES;
				GCC_WARN_UNINITIALIZED_AUTOS = YES_AGGRESSIVE;
				GCC_WARN_UNUSED_FUNCTION = YES;
				GCC_WARN_UNUSED_VARIABLE = YES;
				IPHONEOS_DEPLOYMENT_TARGET = 17.4;
				LOCALIZATION_PREFERS_STRING_CATALOGS = YES;
				MTL_ENABLE_DEBUG_INFO = INCLUDE_SOURCE;
				MTL_FAST_MATH = YES;
				ONLY_ACTIVE_ARCH = YES;
				SDKROOT = iphoneos;
				SWIFT_ACTIVE_COMPILATION_CONDITIONS = "DEBUG $(inherited)";
				SWIFT_OPTIMIZATION_LEVEL = "-Onone";
			};
			name = Debug;
		};
		59C8B0C22BCF13980002DA5D /* Release */ = {
			isa = XCBuildConfiguration;
			buildSettings = {
				ALWAYS_SEARCH_USER_PATHS = NO;
				ASSETCATALOG_COMPILER_GENERATE_SWIFT_ASSET_SYMBOL_EXTENSIONS = YES;
				CLANG_ANALYZER_NONNULL = YES;
				CLANG_ANALYZER_NUMBER_OBJECT_CONVERSION = YES_AGGRESSIVE;
				CLANG_CXX_LANGUAGE_STANDARD = "gnu++20";
				CLANG_ENABLE_MODULES = YES;
				CLANG_ENABLE_OBJC_ARC = YES;
				CLANG_ENABLE_OBJC_WEAK = YES;
				CLANG_WARN_BLOCK_CAPTURE_AUTORELEASING = YES;
				CLANG_WARN_BOOL_CONVERSION = YES;
				CLANG_WARN_COMMA = YES;
				CLANG_WARN_CONSTANT_CONVERSION = YES;
				CLANG_WARN_DEPRECATED_OBJC_IMPLEMENTATIONS = YES;
				CLANG_WARN_DIRECT_OBJC_ISA_USAGE = YES_ERROR;
				CLANG_WARN_DOCUMENTATION_COMMENTS = YES;
				CLANG_WARN_EMPTY_BODY = YES;
				CLANG_WARN_ENUM_CONVERSION = YES;
				CLANG_WARN_INFINITE_RECURSION = YES;
				CLANG_WARN_INT_CONVERSION = YES;
				CLANG_WARN_NON_LITERAL_NULL_CONVERSION = YES;
				CLANG_WARN_OBJC_IMPLICIT_RETAIN_SELF = YES;
				CLANG_WARN_OBJC_LITERAL_CONVERSION = YES;
				CLANG_WARN_OBJC_ROOT_CLASS = YES_ERROR;
				CLANG_WARN_QUOTED_INCLUDE_IN_FRAMEWORK_HEADER = YES;
				CLANG_WARN_RANGE_LOOP_ANALYSIS = YES;
				CLANG_WARN_STRICT_PROTOTYPES = YES;
				CLANG_WARN_SUSPICIOUS_MOVE = YES;
				CLANG_WARN_UNGUARDED_AVAILABILITY = YES_AGGRESSIVE;
				CLANG_WARN_UNREACHABLE_CODE = YES;
				CLANG_WARN__DUPLICATE_METHOD_MATCH = YES;
				COPY_PHASE_STRIP = NO;
				DEBUG_INFORMATION_FORMAT = "dwarf-with-dsym";
				ENABLE_NS_ASSERTIONS = NO;
				ENABLE_STRICT_OBJC_MSGSEND = YES;
				ENABLE_USER_SCRIPT_SANDBOXING = YES;
				GCC_C_LANGUAGE_STANDARD = gnu17;
				GCC_NO_COMMON_BLOCKS = YES;
				GCC_WARN_64_TO_32_BIT_CONVERSION = YES;
				GCC_WARN_ABOUT_RETURN_TYPE = YES_ERROR;
				GCC_WARN_UNDECLARED_SELECTOR = YES;
				GCC_WARN_UNINITIALIZED_AUTOS = YES_AGGRESSIVE;
				GCC_WARN_UNUSED_FUNCTION = YES;
				GCC_WARN_UNUSED_VARIABLE = YES;
				IPHONEOS_DEPLOYMENT_TARGET = 17.4;
				LOCALIZATION_PREFERS_STRING_CATALOGS = YES;
				MTL_ENABLE_DEBUG_INFO = NO;
				MTL_FAST_MATH = YES;
				SDKROOT = iphoneos;
				SWIFT_COMPILATION_MODE = wholemodule;
				VALIDATE_PRODUCT = YES;
			};
			name = Release;
		};
		59C8B0C42BCF13980002DA5D /* Debug */ = {
			isa = XCBuildConfiguration;
			buildSettings = {
				ASSETCATALOG_COMPILER_APPICON_NAME = AppIcon;
				ASSETCATALOG_COMPILER_GLOBAL_ACCENT_COLOR_NAME = AccentColor;
				CODE_SIGN_STYLE = Automatic;
				CURRENT_PROJECT_VERSION = 1;
				DEVELOPMENT_TEAM = 9Y5YH6S952;
				GENERATE_INFOPLIST_FILE = YES;
				INFOPLIST_FILE = lifecounter/Info.plist;
				INFOPLIST_KEY_UIApplicationSupportsIndirectInputEvents = YES;
				INFOPLIST_KEY_UILaunchStoryboardName = LaunchScreen;
				INFOPLIST_KEY_UIMainStoryboardFile = Main;
				INFOPLIST_KEY_UISupportedInterfaceOrientations_iPad = "UIInterfaceOrientationPortrait UIInterfaceOrientationPortraitUpsideDown UIInterfaceOrientationLandscapeLeft UIInterfaceOrientationLandscapeRight";
				INFOPLIST_KEY_UISupportedInterfaceOrientations_iPhone = "UIInterfaceOrientationPortrait UIInterfaceOrientationLandscapeLeft UIInterfaceOrientationLandscapeRight";
				LD_RUNPATH_SEARCH_PATHS = (
					"$(inherited)",
					"@executable_path/Frameworks",
				);
				MARKETING_VERSION = 1.0;
				PRODUCT_BUNDLE_IDENTIFIER = edu.uw.ischool.2375032.lifecounter;
				PRODUCT_NAME = "$(TARGET_NAME)";
				SWIFT_EMIT_LOC_STRINGS = YES;
				SWIFT_VERSION = 5.0;
				TARGETED_DEVICE_FAMILY = "1,2";
			};
			name = Debug;
		};
		59C8B0C52BCF13980002DA5D /* Release */ = {
			isa = XCBuildConfiguration;
			buildSettings = {
				ASSETCATALOG_COMPILER_APPICON_NAME = AppIcon;
				ASSETCATALOG_COMPILER_GLOBAL_ACCENT_COLOR_NAME = AccentColor;
				CODE_SIGN_STYLE = Automatic;
				CURRENT_PROJECT_VERSION = 1;
				DEVELOPMENT_TEAM = 9Y5YH6S952;
				GENERATE_INFOPLIST_FILE = YES;
				INFOPLIST_FILE = lifecounter/Info.plist;
				INFOPLIST_KEY_UIApplicationSupportsIndirectInputEvents = YES;
				INFOPLIST_KEY_UILaunchStoryboardName = LaunchScreen;
				INFOPLIST_KEY_UIMainStoryboardFile = Main;
				INFOPLIST_KEY_UISupportedInterfaceOrientations_iPad = "UIInterfaceOrientationPortrait UIInterfaceOrientationPortraitUpsideDown UIInterfaceOrientationLandscapeLeft UIInterfaceOrientationLandscapeRight";
				INFOPLIST_KEY_UISupportedInterfaceOrientations_iPhone = "UIInterfaceOrientationPortrait UIInterfaceOrientationLandscapeLeft UIInterfaceOrientationLandscapeRight";
				LD_RUNPATH_SEARCH_PATHS = (
					"$(inherited)",
					"@executable_path/Frameworks",
				);
				MARKETING_VERSION = 1.0;
				PRODUCT_BUNDLE_IDENTIFIER = edu.uw.ischool.2375032.lifecounter;
				PRODUCT_NAME = "$(TARGET_NAME)";
				SWIFT_EMIT_LOC_STRINGS = YES;
				SWIFT_VERSION = 5.0;
				TARGETED_DEVICE_FAMILY = "1,2";
			};
			name = Release;
		};
		59C8B0C72BCF13980002DA5D /* Debug */ = {
			isa = XCBuildConfiguration;
			buildSettings = {
				ALWAYS_EMBED_SWIFT_STANDARD_LIBRARIES = YES;
				BUNDLE_LOADER = "$(TEST_HOST)";
				CODE_SIGN_STYLE = Automatic;
				CURRENT_PROJECT_VERSION = 1;
				DEVELOPMENT_TEAM = 9Y5YH6S952;
				GENERATE_INFOPLIST_FILE = YES;
				IPHONEOS_DEPLOYMENT_TARGET = 17.4;
				MARKETING_VERSION = 1.0;
				PRODUCT_BUNDLE_IDENTIFIER = edu.uw.ischool.2375032.lifecounterTests;
				PRODUCT_NAME = "$(TARGET_NAME)";
				SWIFT_EMIT_LOC_STRINGS = NO;
				SWIFT_VERSION = 5.0;
				TARGETED_DEVICE_FAMILY = "1,2";
				TEST_HOST = "$(BUILT_PRODUCTS_DIR)/lifecounter.app/$(BUNDLE_EXECUTABLE_FOLDER_PATH)/lifecounter";
			};
			name = Debug;
		};
		59C8B0C82BCF13980002DA5D /* Release */ = {
			isa = XCBuildConfiguration;
			buildSettings = {
				ALWAYS_EMBED_SWIFT_STANDARD_LIBRARIES = YES;
				BUNDLE_LOADER = "$(TEST_HOST)";
				CODE_SIGN_STYLE = Automatic;
				CURRENT_PROJECT_VERSION = 1;
				DEVELOPMENT_TEAM = 9Y5YH6S952;
				GENERATE_INFOPLIST_FILE = YES;
				IPHONEOS_DEPLOYMENT_TARGET = 17.4;
				MARKETING_VERSION = 1.0;
				PRODUCT_BUNDLE_IDENTIFIER = edu.uw.ischool.2375032.lifecounterTests;
				PRODUCT_NAME = "$(TARGET_NAME)";
				SWIFT_EMIT_LOC_STRINGS = NO;
				SWIFT_VERSION = 5.0;
				TARGETED_DEVICE_FAMILY = "1,2";
				TEST_HOST = "$(BUILT_PRODUCTS_DIR)/lifecounter.app/$(BUNDLE_EXECUTABLE_FOLDER_PATH)/lifecounter";
			};
			name = Release;
		};
		59C8B0CA2BCF13980002DA5D /* Debug */ = {
			isa = XCBuildConfiguration;
			buildSettings = {
				ALWAYS_EMBED_SWIFT_STANDARD_LIBRARIES = YES;
				CODE_SIGN_STYLE = Automatic;
				CURRENT_PROJECT_VERSION = 1;
				DEVELOPMENT_TEAM = 9Y5YH6S952;
				GENERATE_INFOPLIST_FILE = YES;
				MARKETING_VERSION = 1.0;
				PRODUCT_BUNDLE_IDENTIFIER = edu.uw.ischool.2375032.lifecounterUITests;
				PRODUCT_NAME = "$(TARGET_NAME)";
				SWIFT_EMIT_LOC_STRINGS = NO;
				SWIFT_VERSION = 5.0;
				TARGETED_DEVICE_FAMILY = "1,2";
				TEST_TARGET_NAME = lifecounter;
			};
			name = Debug;
		};
		59C8B0CB2BCF13980002DA5D /* Release */ = {
			isa = XCBuildConfiguration;
			buildSettings = {
				ALWAYS_EMBED_SWIFT_STANDARD_LIBRARIES = YES;
				CODE_SIGN_STYLE = Automatic;
				CURRENT_PROJECT_VERSION = 1;
				DEVELOPMENT_TEAM = 9Y5YH6S952;
				GENERATE_INFOPLIST_FILE = YES;
				MARKETING_VERSION = 1.0;
				PRODUCT_BUNDLE_IDENTIFIER = edu.uw.ischool.2375032.lifecounterUITests;
				PRODUCT_NAME = "$(TARGET_NAME)";
				SWIFT_EMIT_LOC_STRINGS = NO;
				SWIFT_VERSION = 5.0;
				TARGETED_DEVICE_FAMILY = "1,2";
				TEST_TARGET_NAME = lifecounter;
			};
			name = Release;
		};
/* End XCBuildConfiguration section */

/* Begin XCConfigurationList section */
		59C8B0942BCF13980002DA5D /* Build configuration list for PBXProject "lifecounter" */ = {
			isa = XCConfigurationList;
			buildConfigurations = (
				59C8B0C12BCF13980002DA5D /* Debug */,
				59C8B0C22BCF13980002DA5D /* Release */,
			);
			defaultConfigurationIsVisible = 0;
			defaultConfigurationName = Release;
		};
		59C8B0C32BCF13980002DA5D /* Build configuration list for PBXNativeTarget "lifecounter" */ = {
			isa = XCConfigurationList;
			buildConfigurations = (
				59C8B0C42BCF13980002DA5D /* Debug */,
				59C8B0C52BCF13980002DA5D /* Release */,
			);
			defaultConfigurationIsVisible = 0;
			defaultConfigurationName = Release;
		};
		59C8B0C62BCF13980002DA5D /* Build configuration list for PBXNativeTarget "lifecounterTests" */ = {
			isa = XCConfigurationList;
			buildConfigurations = (
				59C8B0C72BCF13980002DA5D /* Debug */,
				59C8B0C82BCF13980002DA5D /* Release */,
			);
			defaultConfigurationIsVisible = 0;
			defaultConfigurationName = Release;
		};
		59C8B0C92BCF13980002DA5D /* Build configuration list for PBXNativeTarget "lifecounterUITests" */ = {
			isa = XCConfigurationList;
			buildConfigurations = (
				59C8B0CA2BCF13980002DA5D /* Debug */,
				59C8B0CB2BCF13980002DA5D /* Release */,
			);
			defaultConfigurationIsVisible = 0;
			defaultConfigurationName = Release;
		};
/* End XCConfigurationList section */
	};
	rootObject = 59C8B0912BCF13980002DA5D /* Project object */;
}
